# CPython 3.10 / macOS arm64 only. Not a Linux or Python 3.12 lock.
# Public wheel artifacts actually installed and verified on 2026-09-13.
# Deliberately select the SciPy macOS 12 wheel, not its incompatible macOS 14 build.
# Bootstrap Python, pip and setuptools are outside this wheel lock.
# Install with: python -m pip install --require-hashes -r <this-file>

# cachetools==7.1.8
cachetools @ https://files.pythonhosted.org/packages/d7/3d/9487690d0e937854db587205c66bab3c3cf88d9f00ed380b74cb88cc94ee/cachetools-7.1.8-py3-none-any.whl --hash=sha256:a81e3844acaa7355b6567f97bd67a94a14ec3a9bc2cbbdae45b9592cc036775b
# cffi==2.1.1
cffi @ https://files.pythonhosted.org/packages/94/1a/4b2f7c92293ba05cbd4a9a1b28faaf0326272d9488e6354657571c48a7aa/cffi-2.1.1-cp310-cp310-macosx_11_0_arm64.whl --hash=sha256:ca82be1a1d406ecfe1d25dc16cb33488e5a16bf4438c9fb590484ea29d92478b
# cloudpickle==3.1.2
cloudpickle @ https://files.pythonhosted.org/packages/88/39/799be3f2f0f38cc727ee3b4f1445fe6d5e4133064ec2e4115069418a5bb6/cloudpickle-3.1.2-py3-none-any.whl --hash=sha256:9acb47f6afd73f60dc1df93bb801b472f05ff42fa6c84167d25cb206be1fbf4a
# contourpy==1.3.2
contourpy @ https://files.pythonhosted.org/packages/2f/6c/330de89ae1087eb622bfca0177d32a7ece50c3ef07b28002de4757d9d875/contourpy-1.3.2-cp310-cp310-macosx_11_0_arm64.whl --hash=sha256:dc41ba0714aa2968d1f8674ec97504a8f7e334f48eeacebcaa6256213acb0989
# cryptography==46.0.5
cryptography @ https://files.pythonhosted.org/packages/e2/fa/a66aa722105ad6a458bebd64086ca2b72cdd361fed31763d20390f6f1389/cryptography-46.0.5-cp38-abi3-macosx_10_9_universal2.whl --hash=sha256:4108d4c09fbbf2789d0c926eb4152ae1760d5a2d97612b92d508d96c861e4d31
# cycler==0.12.1
cycler @ https://files.pythonhosted.org/packages/e7/05/c19819d5e3d95294a6f5947fb9b9629efb316b96de511b418c53d245aae6/cycler-0.12.1-py3-none-any.whl --hash=sha256:85cef7cff222d8644161529808465972e51340599459b8ac3ccbac5a854e0d30
# descartes==1.1.0
descartes @ https://files.pythonhosted.org/packages/e5/b6/1ed2eb03989ae574584664985367ba70cd9cf8b32ee8cad0e8aaeac819f3/descartes-1.1.0-py3-none-any.whl --hash=sha256:4c62dc41109689d03e4b35de0a2bcbdeeb81047badc607c4415d5c753bd683af
# exceptiongroup==1.3.1
exceptiongroup @ https://files.pythonhosted.org/packages/8a/0e/97c33bf5009bdbac74fd2beace167cab3f978feb69cc36f1ef79360d6c4e/exceptiongroup-1.3.1-py3-none-any.whl --hash=sha256:a7a39a3bd276781e98394987d3a5701d0c4edffb633bb7a5144577f82c773598
# fire==0.7.1
fire @ https://files.pythonhosted.org/packages/e5/4c/93d0f85318da65923e4b91c1c2ff03d8a458cbefebe3bc612a6693c7906d/fire-0.7.1-py3-none-any.whl --hash=sha256:e43fd8a5033a9001e7e2973bab96070694b9f12f2e0ecf96d4683971b5ab1882
# fonttools==4.65.0
fonttools @ https://files.pythonhosted.org/packages/53/d9/1caaa015dd207da7ccd3feba87289997bd88334ea3e74a367cdc7b0e50a3/fonttools-4.65.0-cp310-cp310-macosx_10_9_universal2.whl --hash=sha256:93a73af2075036d36d7fbf856779c56a1b3b86ffcdae6abede7596604c42c156
# ImageIO==2.37.4
ImageIO @ https://files.pythonhosted.org/packages/3e/2d/ca050652104bab2cf55e569db2a178b1b61cb041fef28307f2db383f6d9f/imageio-2.37.4-py3-none-any.whl --hash=sha256:1ab2e22c8debf700f24c3ac43e8f95f3b3a8110c83b93411e97b4b0b2cd1c7e6
# iniconfig==2.3.0
iniconfig @ https://files.pythonhosted.org/packages/cb/b1/3846dd7f199d53cb17f49cba7e651e9ce294d8497c8c150530ed11865bb8/iniconfig-2.3.0-py3-none-any.whl --hash=sha256:f631c04d2c48c52b84d0d0549c99ff3859c98df65b3101406327ecc7d53fbf12
# joblib==1.6.0
joblib @ https://files.pythonhosted.org/packages/18/53/84099323c2ec4be98d935f63c033ac4151ee83836ca1050ede3b3aadf155/joblib-1.6.0-py3-none-any.whl --hash=sha256:3dbbf9f6e4b592a2357b854608e980fe6390d131d7a82f011a377ef2ebef7aba
# kiwisolver==1.5.1
kiwisolver @ https://files.pythonhosted.org/packages/30/ae/30b94088722e7bce8b821cd5ee935a87f80023e7243125f1accf98e39bf7/kiwisolver-1.5.1-cp310-cp310-macosx_11_0_arm64.whl --hash=sha256:0a4faea5c6db201c6a21391d2ac926ea97acf7dacdbc3c417189e1adb1a00837
# lazy-loader==0.5
lazy-loader @ https://files.pythonhosted.org/packages/8a/a1/8d812e53a5da1687abb10445275d41a8b13adb781bbf7196ddbcf8d88505/lazy_loader-0.5-py3-none-any.whl --hash=sha256:ab0ea149e9c554d4ffeeb21105ac60bed7f3b4fd69b1d2360a4add51b170b005
# matplotlib==3.10.9
matplotlib @ https://files.pythonhosted.org/packages/bb/2f/127081eb83162053ebb9678ceac64220b93a663e0167432566e9c7c82aab/matplotlib-3.10.9-cp310-cp310-macosx_11_0_arm64.whl --hash=sha256:1e7698ac9868428e84d2c967424803b2472ff7167d9d6590d4204ed775343c3b
# motmetrics==1.4.0
motmetrics @ https://files.pythonhosted.org/packages/2f/d9/7b77e1e2db80b6f8133065ffbccdaa3c911df5f95a7af30829fcaa10a3d7/motmetrics-1.4.0-py3-none-any.whl --hash=sha256:cd4d691bd787360f1cd0a2127fe8a14d0646fb2912b344a9498719e132b25738
# networkx==3.4.2
networkx @ https://files.pythonhosted.org/packages/b9/54/dd730b32ea14ea797530a4479b2ed46a6fb250f682a9cfb997e968bf0261/networkx-3.4.2-py3-none-any.whl --hash=sha256:df5d4365b724cf81b8c6a7312509d0c22386097011ad1abe274afd5e9d3bbc5f
# numpy==1.26.4
numpy @ https://files.pythonhosted.org/packages/20/f7/b24208eba89f9d1b58c1668bc6c8c4fd472b20c45573cb767f59d49fb0f6/numpy-1.26.4-cp310-cp310-macosx_11_0_arm64.whl --hash=sha256:2e4ee3380d6de9c9ec04745830fd9e2eccb3e6cf790d39d7b98ffd19b0dd754a
# nuscenes-devkit==1.2.0
nuscenes-devkit @ https://files.pythonhosted.org/packages/3a/13/e9124913743cd815fff25a3438072e4d184100e1d548ad926189e3e6988c/nuscenes_devkit-1.2.0-py3-none-any.whl --hash=sha256:76cee0e7f96ec96d6269ee3acb4ff69e8ac2f9413e974d9eb542233ea7479bf1
# opencv-python==4.11.0.86
opencv-python @ https://files.pythonhosted.org/packages/05/4d/53b30a2a3ac1f75f65a59eb29cf2ee7207ce64867db47036ad61743d5a23/opencv_python-4.11.0.86-cp37-abi3-macosx_13_0_arm64.whl --hash=sha256:432f67c223f1dc2824f5e73cdfcd9db0efc8710647d4e813012195dc9122a52a
# opencv-python-headless==4.11.0.86
opencv-python-headless @ https://files.pythonhosted.org/packages/dc/53/2c50afa0b1e05ecdb4603818e85f7d174e683d874ef63a6abe3ac92220c8/opencv_python_headless-4.11.0.86-cp37-abi3-macosx_13_0_arm64.whl --hash=sha256:48128188ade4a7e517237c8e1e11a9cdf5c282761473383e77beb875bb1e61ca
# packaging==26.3
packaging @ https://files.pythonhosted.org/packages/63/34/ba1c580383c9eada3711951fef0795c80b829a078d72188184bcab9dd527/packaging-26.3-py3-none-any.whl --hash=sha256:d7193f7c8e4e93f444fde0262bf90af30e16fa0ad0ad44cb553c87339b23cd1c
# pandas==2.3.3
pandas @ https://files.pythonhosted.org/packages/13/4f/66d99628ff8ce7857aca52fed8f0066ce209f96be2fede6cef9f84e8d04f/pandas-2.3.3-cp310-cp310-macosx_11_0_arm64.whl --hash=sha256:e19d192383eab2f4ceb30b412b22ea30690c9e618f78870357ae1d682912015a
# parameterized==0.9.0
parameterized @ https://files.pythonhosted.org/packages/00/2f/804f58f0b856ab3bf21617cccf5b39206e6c4c94c2cd227bde125ea6105f/parameterized-0.9.0-py2.py3-none-any.whl --hash=sha256:4e0758e3d41bea3bbd05ec14fc2c24736723f243b28d702081aef438c9372b1b
# pillow==12.3.0
pillow @ https://files.pythonhosted.org/packages/6b/ba/3762f376a2948e3036488d773a146e0ae6ecc2ca03ac20e2615bd0b2ba02/pillow-12.3.0-cp310-cp310-macosx_11_0_arm64.whl --hash=sha256:bcc33feacfaefce60c12fd500a277533bdc02b10a19f7f6d348763d8140bbba7
# pluggy==1.6.0
pluggy @ https://files.pythonhosted.org/packages/54/20/4d324d65cc6d9205fabedc306948156824eb9f0ee1633355a8f7ec5c66bf/pluggy-1.6.0-py3-none-any.whl --hash=sha256:e920276dd6813095e9377c0bc5566d94c932c33b27a3e3945d8389c374dd4746
# pycocotools==2.0.11
pycocotools @ https://files.pythonhosted.org/packages/dd/4b/0c040fcda2c4fa4827b1a64e3185d99d5f954e45cc9463ba7385a1173a77/pycocotools-2.0.11-cp310-cp310-macosx_10_9_universal2.whl --hash=sha256:484d33515353186aadba9e2a290d81b107275cdb9565084e31a5568a52a0b120
# pycparser==3.0
pycparser @ https://files.pythonhosted.org/packages/0c/c3/44f3fbbfa403ea2a7c779186dc20772604442dde72947e7d01069cbe98e3/pycparser-3.0-py3-none-any.whl --hash=sha256:b727414169a36b7d524c1c3e31839a521725078d7b2ff038656844266160a992
# Pygments==2.21.0
Pygments @ https://files.pythonhosted.org/packages/71/46/17f022dd3e953bf20a04a028a21ec746d942f8d2af30fa0f124fa0e6a684/pygments-2.21.0-py3-none-any.whl --hash=sha256:2363c69b61c4a97c838da3b130dcd6468f4848992b21a82f2a63ec34377137d9
# pyparsing==3.3.2
pyparsing @ https://files.pythonhosted.org/packages/10/bd/c038d7cc38edc1aa5bf91ab8068b63d4308c66c4c8bb3cbba7dfbc049f9c/pyparsing-3.3.2-py3-none-any.whl --hash=sha256:850ba148bd908d7e2411587e247a1e4f0327839c40e2e5e6d05a007ecc69911d
# pyquaternion==0.9.9
pyquaternion @ https://files.pythonhosted.org/packages/49/b3/d8482e8cacc8ea15a356efea13d22ce1c5914a9ee36622ba250523240bf2/pyquaternion-0.9.9-py3-none-any.whl --hash=sha256:e65f6e3f7b1fdf1a9e23f82434334a1ae84f14223eee835190cd2e841f8172ec
# pytest==8.4.2
pytest @ https://files.pythonhosted.org/packages/a8/a4/20da314d277121d6534b3a980b29035dcd51e6744bd79075a6ce8fa4eb8d/pytest-8.4.2-py3-none-any.whl --hash=sha256:872f880de3fc3a5bdc88a11b39c9710c3497a547cfa9320bc3c5e62fbf272e79
# python-dateutil==2.9.0.post0
python-dateutil @ https://files.pythonhosted.org/packages/ec/57/56b9bcc3c9c6a792fcbaf139543cee77261f3651ca9da0c93f5c1221264b/python_dateutil-2.9.0.post0-py2.py3-none-any.whl --hash=sha256:a8b2bc7bffae282281c8140a97d3aa9c14da0b136dfe83f850eea9a5f7470427
# pytz==2026.3.post1
pytz @ https://files.pythonhosted.org/packages/0f/7b/39c34ca613b0b198cb866466651b26b045e2009864c5183c979a3b83f383/pytz-2026.3.post1-py2.py3-none-any.whl --hash=sha256:dd95840dd199baea12d9cc096a1d452caa6596a1c1e4b5f3dbd1541855d5e815
# scikit-image==0.25.2
scikit-image @ https://files.pythonhosted.org/packages/30/ca/ff4731289cbed63c94a0c9a5b672976603118de78ed21910d9060c82e859/scikit_image-0.25.2-cp310-cp310-macosx_12_0_arm64.whl --hash=sha256:5c311069899ce757d7dbf1d03e32acb38bb06153236ae77fcd820fd62044c063
# scikit-learn==1.7.2
scikit-learn @ https://files.pythonhosted.org/packages/1c/ce/af9d99533b24c55ff4e18d9b7b4d9919bbc6cd8f22fe7a7be01519a347d5/scikit_learn-1.7.2-cp310-cp310-macosx_12_0_arm64.whl --hash=sha256:36749fb62b3d961b1ce4fedf08fa57a1986cd409eff2d783bca5d4b9b5fce51c
# scipy==1.15.3
scipy @ https://files.pythonhosted.org/packages/a0/6e/0c3bf90fae0e910c274db43304ebe25a6b391327f3f10b5dcc638c090795/scipy-1.15.3-cp310-cp310-macosx_12_0_arm64.whl --hash=sha256:ad3432cb0f9ed87477a8d97f03b763fd1d57709f1bbde3c9369b1dff5503b253
# shapely==2.0.7
shapely @ https://files.pythonhosted.org/packages/87/69/b54a08bcd25e561bdd5183c008ace4424c25e80506e80674032504800efd/shapely-2.0.7-cp310-cp310-macosx_11_0_arm64.whl --hash=sha256:f44eda8bd7a4bccb0f281264b34bf3518d8c4c9a8ffe69a1a05dabf6e8461147
# six==1.17.0
six @ https://files.pythonhosted.org/packages/b7/ce/149a00dd41f10bc29e5921b496af8b574d8413afcd5e30dfa0ed46c2cc5e/six-1.17.0-py2.py3-none-any.whl --hash=sha256:4721f391ed90541fddacab5acf947aa0d3dc7d27b2e1e8eda2be8970586c3274
# tabulate==0.10.0
tabulate @ https://files.pythonhosted.org/packages/99/55/db07de81b5c630da5cbf5c7df646580ca26dfaefa593667fc6f2fe016d2e/tabulate-0.10.0-py3-none-any.whl --hash=sha256:f0b0622e567335c8fabaaa659f1b33bcb6ddfe2e496071b743aa113f8774f2d3
# termcolor==3.3.0
termcolor @ https://files.pythonhosted.org/packages/33/d1/8bb87d21e9aeb323cc03034f5eaf2c8f69841e40e4853c2627edf8111ed3/termcolor-3.3.0-py3-none-any.whl --hash=sha256:cf642efadaf0a8ebbbf4bc7a31cec2f9b5f21a9f726f4ccbb08192c9c26f43a5
# threadpoolctl==3.6.0
threadpoolctl @ https://files.pythonhosted.org/packages/32/d5/f9a850d79b0851d1d4ef6456097579a9005b31fea68726a4ae5f2d82ddd9/threadpoolctl-3.6.0-py3-none-any.whl --hash=sha256:43a0b8fd5a2928500110039e43a5eed8480b918967083ea48dc3ab9f13c4a7fb
# tifffile==2025.5.10
tifffile @ https://files.pythonhosted.org/packages/5d/06/bd0a6097da704a7a7c34a94cfd771c3ea3c2f405dd214e790d22c93f6be1/tifffile-2025.5.10-py3-none-any.whl --hash=sha256:e37147123c0542d67bc37ba5cdd67e12ea6fbe6e86c52bee037a9eb6a064e5ad
# tomli==2.4.1
tomli @ https://files.pythonhosted.org/packages/7b/61/cceae43728b7de99d9b847560c262873a1f6c98202171fd5ed62640b494b/tomli-2.4.1-py3-none-any.whl --hash=sha256:0d85819802132122da43cb86656f8d1f8c6587d54ae7dcaf30e90533028b49fe
# tqdm==4.70.1
tqdm @ https://files.pythonhosted.org/packages/a7/03/921a3d3c75785aca9ebfbfcabfbc3a1be12e2ab5265deb026d55a5a3f83e/tqdm-4.70.1-py3-none-any.whl --hash=sha256:c293e525e6fef9c20e8728fd4612df02a0aa31bb5fe91ecd93e123b1b7bffa73
# trackeval==1.0.0
trackeval @ https://files.pythonhosted.org/packages/81/b7/4eff3e51eab3a163354f002e56e236bf4b97d0c7bbe766aa74d4555da674/trackeval-1.0.0-py3-none-any.whl --hash=sha256:09a3750e659cbdf325664fbefd874e6b4e7a42a952573fe1a436b808c43188d8
# typing_extensions==4.16.0
typing_extensions @ https://files.pythonhosted.org/packages/49/d3/b8441a820a491ddfc024b0b0cf0393375b75ea13866d9c66727e54c2fc80/typing_extensions-4.16.0-py3-none-any.whl --hash=sha256:481caa481374e813c1b176ada14e97f1f67a4539ce9cfeb3f350d78d6370c2e8
# tzdata==2026.4
tzdata @ https://files.pythonhosted.org/packages/f9/bc/8737e8d54cf51106118039b83f485a4783112fab49ea9d044b234978a46e/tzdata-2026.4-py2.py3-none-any.whl --hash=sha256:c2169a8b0a7a5e9674da5a135ccdfb2b3e671b333ed9fed17b41f73c34476e81
# xmltodict==1.0.4
xmltodict @ https://files.pythonhosted.org/packages/38/34/98a2f52245f4d47be93b580dae5f9861ef58977d73a79eb47c58f1ad1f3a/xmltodict-1.0.4-py3-none-any.whl --hash=sha256:a4a00d300b0e1c59fc2bfccb53d7b2e88c32f200df138a0dd2229f842497026a
